
Microsoft Visual Studio Solution File, Format Version 12.00
# Visual Studio Version 17
VisualStudioVersion = 17.9.34616.47
MinimumVisualStudioVersion = 10.0.40219.1
Project("{FAE04EC0-301F-11D3-BF4B-00C04F79EFBC}") = "ShooterImprovement", "ShooterImprovement\ShooterImprovement.csproj", "{8C9F7A0E-5347-4134-A7F2-4A0C151C641E}"
EndProject
Global
	GlobalSection(SolutionConfigurationPlatforms) = preSolution
		Debug|Any CPU = Debug|Any CPU
		Release|Any CPU = Release|Any CPU
	EndGlobalSection
	GlobalSection(ProjectConfigurationPlatforms) = postSolution
		{8C9F7A0E-5347-4134-A7F2-4A0C151C641E}.Debug|Any CPU.ActiveCfg = Debug|Any CPU
		{8C9F7A0E-5347-4134-A7F2-4A0C151C641E}.Debug|Any CPU.Build.0 = Debug|Any CPU
		{8C9F7A0E-5347-4134-A7F2-4A0C151C641E}.Release|Any CPU.ActiveCfg = Release|Any CPU
		{8C9F7A0E-5347-4134-A7F2-4A0C151C641E}.Release|Any CPU.Build.0 = Release|Any CPU
	EndGlobalSection
	GlobalSection(SolutionProperties) = preSolution
		HideSolutionNode = FALSE
	EndGlobalSection
	GlobalSection(ExtensibilityGlobals) = postSolution
		SolutionGuid = {47DB3D2A-B806-4D05-951E-F7ECF13B374C}
	EndGlobalSection
EndGlobal
